// !$*UTF8*$!
{
	archiveVersion = 1;
	classes = {
	};
	objectVersion = 50;
	objects = {

/* Begin PBXBuildFile section */
		822D1FE4226B13E80067F5DB /* stackBoard.cpp in Sources */ = {isa = PBXBuildFile; fileRef = 822D1FE2226B13E80067F5DB /* stackBoard.cpp */; };
		EB164A1D2265001700DF00F6 /* board.cpp in Sources */ = {isa = PBXBuildFile; fileRef = EB164A1B2265001700DF00F6 /* board.cpp */; };
		EB19408E226819DD007BC15D /* SFML.framework in Frameworks */ = {isa = PBXBuildFile; fileRef = EB19408D226819DD007BC15D /* SFML.framework */; };
		EB194091226819F8007BC15D /* sfml-window.framework in Frameworks */ = {isa = PBXBuildFile; fileRef = EB19408F226819F8007BC15D /* sfml-window.framework */; };
		EB194092226819F8007BC15D /* sfml-system.framework in Frameworks */ = {isa = PBXBuildFile; fileRef = EB194090226819F8007BC15D /* sfml-system.framework */; };
		EBC340722255A84300381151 /* main.cpp in Sources */ = {isa = PBXBuildFile; fileRef = EBC340712255A84300381151 /* main.cpp */; };
		EBD251462267DFD700ABAB7D /* sfml-graphics.framework in Frameworks */ = {isa = PBXBuildFile; fileRef = EBD251452267DFD700ABAB7D /* sfml-graphics.framework */; };
		EBD2514C2267EFB500ABAB7D /* Playground.cpp in Sources */ = {isa = PBXBuildFile; fileRef = EBD2514A2267EFB500ABAB7D /* Playground.cpp */; };
		EBDF9951226470BE00507376 /* disk.cpp in Sources */ = {isa = PBXBuildFile; fileRef = EBDF994F226470BE00507376 /* disk.cpp */; };
		EBFC9D0A226839D00057972D /* CGRect.cpp in Sources */ = {isa = PBXBuildFile; fileRef = EBFC9D08226839D00057972D /* CGRect.cpp */; };
		EBFC9D0F22683A5B0057972D /* UIView.cpp in Sources */ = {isa = PBXBuildFile; fileRef = EBFC9D0D22683A5B0057972D /* UIView.cpp */; };
		EBFC9D1222683A9E0057972D /* UIButton.cpp in Sources */ = {isa = PBXBuildFile; fileRef = EBFC9D1022683A9E0057972D /* UIButton.cpp */; };
		EBFC9D1522683AD10057972D /* UILabel.cpp in Sources */ = {isa = PBXBuildFile; fileRef = EBFC9D1322683AD10057972D /* UILabel.cpp */; };
		EBFC9D1722683AFE0057972D /* constants.cpp in Sources */ = {isa = PBXBuildFile; fileRef = EBFC9D1622683AFE0057972D /* constants.cpp */; };
		EBFC9D1E22684B7C0057972D /* Peg.cpp in Sources */ = {isa = PBXBuildFile; fileRef = EBFC9D1C22684B7C0057972D /* Peg.cpp */; };
/* End PBXBuildFile section */

/* Begin PBXCopyFilesBuildPhase section */
		EBC3406C2255A84300381151 /* CopyFiles */ = {
			isa = PBXCopyFilesBuildPhase;
			buildActionMask = 2147483647;
			dstPath = /usr/share/man/man1/;
			dstSubfolderSpec = 0;
			files = (
			);
			runOnlyForDeploymentPostprocessing = 1;
		};
/* End PBXCopyFilesBuildPhase section */

/* Begin PBXFileReference section */
		8212C7C0226530ED00DFC11F /* Stack.hpp */ = {isa = PBXFileReference; lastKnownFileType = sourcecode.cpp.h; path = Stack.hpp; sourceTree = "<group>"; };
		821DBECC226DE6A000538570 /* Node.hpp */ = {isa = PBXFileReference; lastKnownFileType = sourcecode.cpp.h; path = Node.hpp; sourceTree = "<group>"; };
		822D1FE2226B13E80067F5DB /* stackBoard.cpp */ = {isa = PBXFileReference; lastKnownFileType = sourcecode.cpp.cpp; path = stackBoard.cpp; sourceTree = "<group>"; };
		822D1FE3226B13E80067F5DB /* stackBoard.hpp */ = {isa = PBXFileReference; lastKnownFileType = sourcecode.cpp.h; path = stackBoard.hpp; sourceTree = "<group>"; };
		EB164A1B2265001700DF00F6 /* board.cpp */ = {isa = PBXFileReference; lastKnownFileType = sourcecode.cpp.cpp; path = board.cpp; sourceTree = "<group>"; };
		EB164A1C2265001700DF00F6 /* board.hpp */ = {isa = PBXFileReference; lastKnownFileType = sourcecode.cpp.h; path = board.hpp; sourceTree = "<group>"; };
		EB19408D226819DD007BC15D /* SFML.framework */ = {isa = PBXFileReference; lastKnownFileType = wrapper.framework; name = SFML.framework; path = ../../../../../../../../Library/Frameworks/SFML.framework; sourceTree = "<group>"; };
		EB19408F226819F8007BC15D /* sfml-window.framework */ = {isa = PBXFileReference; lastKnownFileType = wrapper.framework; name = "sfml-window.framework"; path = "../../../../../../../../Library/Frameworks/sfml-window.framework"; sourceTree = "<group>"; };
		EB194090226819F8007BC15D /* sfml-system.framework */ = {isa = PBXFileReference; lastKnownFileType = wrapper.framework; name = "sfml-system.framework"; path = "../../../../../../../../Library/Frameworks/sfml-system.framework"; sourceTree = "<group>"; };
		EB4ED8F4226827AF00B91108 /* SF-Light.otf */ = {isa = PBXFileReference; lastKnownFileType = file; path = "SF-Light.otf"; sourceTree = "<group>"; };
		EB4ED8F5226827AF00B91108 /* SF-Regular.otf */ = {isa = PBXFileReference; lastKnownFileType = file; path = "SF-Regular.otf"; sourceTree = "<group>"; };
		EBB75F67225C2B0700DA3332 /* ArrayBasedPriorityQueue.hpp */ = {isa = PBXFileReference; lastKnownFileType = sourcecode.cpp.h; path = ArrayBasedPriorityQueue.hpp; sourceTree = "<group>"; };
		EBBAC395226E480B009F503D /* Linked List.hpp */ = {isa = PBXFileReference; lastKnownFileType = sourcecode.cpp.h; path = "Linked List.hpp"; sourceTree = "<group>"; };
		EBC3406E2255A84300381151 /* Rolling Hermes */ = {isa = PBXFileReference; explicitFileType = "compiled.mach-o.executable"; includeInIndex = 0; path = "Rolling Hermes"; sourceTree = BUILT_PRODUCTS_DIR; };
		EBC340712255A84300381151 /* main.cpp */ = {isa = PBXFileReference; lastKnownFileType = sourcecode.cpp.cpp; path = main.cpp; sourceTree = "<group>"; };
		EBD251452267DFD700ABAB7D /* sfml-graphics.framework */ = {isa = PBXFileReference; lastKnownFileType = wrapper.framework; name = "sfml-graphics.framework"; path = "../../../../../../../../Library/Frameworks/sfml-graphics.framework"; sourceTree = "<group>"; };
		EBD2514A2267EFB500ABAB7D /* Playground.cpp */ = {isa = PBXFileReference; lastKnownFileType = sourcecode.cpp.cpp; path = Playground.cpp; sourceTree = "<group>"; };
		EBD2514B2267EFB500ABAB7D /* Playground.hpp */ = {isa = PBXFileReference; lastKnownFileType = sourcecode.cpp.h; path = Playground.hpp; sourceTree = "<group>"; };
		EBDCDDEC226C5471000F8810 /* ScreenShot_3.png */ = {isa = PBXFileReference; lastKnownFileType = image.png; path = ScreenShot_3.png; sourceTree = "<group>"; };
		EBDCDDED226C5471000F8810 /* ScreenShot_1.png */ = {isa = PBXFileReference; lastKnownFileType = image.png; path = ScreenShot_1.png; sourceTree = "<group>"; };
		EBDCDDEE226C5472000F8810 /* ScreenShot_2.png */ = {isa = PBXFileReference; lastKnownFileType = image.png; path = ScreenShot_2.png; sourceTree = "<group>"; };
		EBDF994F226470BE00507376 /* disk.cpp */ = {isa = PBXFileReference; lastKnownFileType = sourcecode.cpp.cpp; path = disk.cpp; sourceTree = "<group>"; };
		EBDF9950226470BE00507376 /* disk.hpp */ = {isa = PBXFileReference; lastKnownFileType = sourcecode.cpp.h; path = disk.hpp; sourceTree = "<group>"; };
		EBFC9D00226839650057972D /* CGpoint.hpp */ = {isa = PBXFileReference; lastKnownFileType = sourcecode.cpp.h; path = CGpoint.hpp; sourceTree = "<group>"; };
		EBFC9D03226839970057972D /* CGSize.hpp */ = {isa = PBXFileReference; lastKnownFileType = sourcecode.cpp.h; path = CGSize.hpp; sourceTree = "<group>"; };
		EBFC9D06226839B70057972D /* CGVector.hpp */ = {isa = PBXFileReference; lastKnownFileType = sourcecode.cpp.h; path = CGVector.hpp; sourceTree = "<group>"; };
		EBFC9D08226839D00057972D /* CGRect.cpp */ = {isa = PBXFileReference; lastKnownFileType = sourcecode.cpp.cpp; path = CGRect.cpp; sourceTree = "<group>"; };
		EBFC9D09226839D00057972D /* CGRect.hpp */ = {isa = PBXFileReference; lastKnownFileType = sourcecode.cpp.h; path = CGRect.hpp; sourceTree = "<group>"; };
		EBFC9D0D22683A5B0057972D /* UIView.cpp */ = {isa = PBXFileReference; lastKnownFileType = sourcecode.cpp.cpp; path = UIView.cpp; sourceTree = "<group>"; };
		EBFC9D0E22683A5B0057972D /* UIView.hpp */ = {isa = PBXFileReference; lastKnownFileType = sourcecode.cpp.h; path = UIView.hpp; sourceTree = "<group>"; };
		EBFC9D1022683A9E0057972D /* UIButton.cpp */ = {isa = PBXFileReference; lastKnownFileType = sourcecode.cpp.cpp; path = UIButton.cpp; sourceTree = "<group>"; };
		EBFC9D1122683A9E0057972D /* UIButton.hpp */ = {isa = PBXFileReference; lastKnownFileType = sourcecode.cpp.h; path = UIButton.hpp; sourceTree = "<group>"; };
		EBFC9D1322683AD10057972D /* UILabel.cpp */ = {isa = PBXFileReference; lastKnownFileType = sourcecode.cpp.cpp; path = UILabel.cpp; sourceTree = "<group>"; };
		EBFC9D1422683AD10057972D /* UILabel.hpp */ = {isa = PBXFileReference; lastKnownFileType = sourcecode.cpp.h; path = UILabel.hpp; sourceTree = "<group>"; };
		EBFC9D1622683AFE0057972D /* constants.cpp */ = {isa = PBXFileReference; lastKnownFileType = sourcecode.cpp.cpp; path = constants.cpp; sourceTree = "<group>"; };
		EBFC9D1A22683E740057972D /* UIKit.hpp */ = {isa = PBXFileReference; lastKnownFileType = sourcecode.cpp.h; path = UIKit.hpp; sourceTree = "<group>"; };
		EBFC9D1C22684B7C0057972D /* Peg.cpp */ = {isa = PBXFileReference; lastKnownFileType = sourcecode.cpp.cpp; path = Peg.cpp; sourceTree = "<group>"; };
		EBFC9D1D22684B7C0057972D /* Peg.hpp */ = {isa = PBXFileReference; lastKnownFileType = sourcecode.cpp.h; path = Peg.hpp; sourceTree = "<group>"; };
/* End PBXFileReference section */

/* Begin PBXFrameworksBuildPhase section */
		EBC3406B2255A84300381151 /* Frameworks */ = {
			isa = PBXFrameworksBuildPhase;
			buildActionMask = 2147483647;
			files = (
				EB194091226819F8007BC15D /* sfml-window.framework in Frameworks */,
				EB194092226819F8007BC15D /* sfml-system.framework in Frameworks */,
				EB19408E226819DD007BC15D /* SFML.framework in Frameworks */,
				EBD251462267DFD700ABAB7D /* sfml-graphics.framework in Frameworks */,
			);
			runOnlyForDeploymentPostprocessing = 0;
		};
/* End PBXFrameworksBuildPhase section */

/* Begin PBXGroup section */
		EB4ED8F6226827B600B91108 /* Resources */ = {
			isa = PBXGroup;
			children = (
				EBDCDDED226C5471000F8810 /* ScreenShot_1.png */,
				EBDCDDEE226C5472000F8810 /* ScreenShot_2.png */,
				EBDCDDEC226C5471000F8810 /* ScreenShot_3.png */,
				EBFC9D1622683AFE0057972D /* constants.cpp */,
				EB4ED8F4226827AF00B91108 /* SF-Light.otf */,
				EB4ED8F5226827AF00B91108 /* SF-Regular.otf */,
			);
			path = Resources;
			sourceTree = "<group>";
		};
		EB92BB34225ED6CF0085CAE4 /* Stack */ = {
			isa = PBXGroup;
			children = (
				821DBECC226DE6A000538570 /* Node.hpp */,
				EBBAC395226E480B009F503D /* Linked List.hpp */,
				8212C7C0226530ED00DFC11F /* Stack.hpp */,
			);
			path = Stack;
			sourceTree = "<group>";
		};
		EBBCB1BF226709B400A8CB66 /* Priority Queue */ = {
			isa = PBXGroup;
			children = (
				EBB75F67225C2B0700DA3332 /* ArrayBasedPriorityQueue.hpp */,
			);
			path = "Priority Queue";
			sourceTree = "<group>";
		};
		EBC340652255A84300381151 = {
			isa = PBXGroup;
			children = (
				EBC340702255A84300381151 /* Rolling Hermes */,
				EBC3406F2255A84300381151 /* Products */,
				EBD251442267DFD700ABAB7D /* Frameworks */,
			);
			sourceTree = "<group>";
		};
		EBC3406F2255A84300381151 /* Products */ = {
			isa = PBXGroup;
			children = (
				EBC3406E2255A84300381151 /* Rolling Hermes */,
			);
			name = Products;
			sourceTree = "<group>";
		};
		EBC340702255A84300381151 /* Rolling Hermes */ = {
			isa = PBXGroup;
			children = (
				EBC340712255A84300381151 /* main.cpp */,
				EBD2514B2267EFB500ABAB7D /* Playground.hpp */,
				EBD2514A2267EFB500ABAB7D /* Playground.cpp */,
				EBFC9D1D22684B7C0057972D /* Peg.hpp */,
				EBFC9D1C22684B7C0057972D /* Peg.cpp */,
				EB164A1C2265001700DF00F6 /* board.hpp */,
				EB164A1B2265001700DF00F6 /* board.cpp */,
				822D1FE3226B13E80067F5DB /* stackBoard.hpp */,
				822D1FE2226B13E80067F5DB /* stackBoard.cpp */,
				EBDF99522264736300507376 /* Disk */,
				EBBCB1BF226709B400A8CB66 /* Priority Queue */,
				EB92BB34225ED6CF0085CAE4 /* Stack */,
				EBFC9D1822683B450057972D /* UIKit */,
			);
			path = "Rolling Hermes";
			sourceTree = "<group>";
		};
		EBD251442267DFD700ABAB7D /* Frameworks */ = {
			isa = PBXGroup;
			children = (
				EB194090226819F8007BC15D /* sfml-system.framework */,
				EB19408F226819F8007BC15D /* sfml-window.framework */,
				EB19408D226819DD007BC15D /* SFML.framework */,
				EBD251452267DFD700ABAB7D /* sfml-graphics.framework */,
			);
			name = Frameworks;
			sourceTree = "<group>";
		};
		EBDF99522264736300507376 /* Disk */ = {
			isa = PBXGroup;
			children = (
				EBDF9950226470BE00507376 /* disk.hpp */,
				EBDF994F226470BE00507376 /* disk.cpp */,
			);
			path = Disk;
			sourceTree = "<group>";
		};
		EBFC9D0C22683A0A0057972D /* Core Graphics */ = {
			isa = PBXGroup;
			children = (
				EBFC9D00226839650057972D /* CGpoint.hpp */,
				EBFC9D08226839D00057972D /* CGRect.cpp */,
				EBFC9D09226839D00057972D /* CGRect.hpp */,
				EBFC9D06226839B70057972D /* CGVector.hpp */,
				EBFC9D03226839970057972D /* CGSize.hpp */,
			);
			path = "Core Graphics";
			sourceTree = "<group>";
		};
		EBFC9D1822683B450057972D /* UIKit */ = {
			isa = PBXGroup;
			children = (
				EBFC9D0C22683A0A0057972D /* Core Graphics */,
				EB4ED8F6226827B600B91108 /* Resources */,
				EBFC9D0D22683A5B0057972D /* UIView.cpp */,
				EBFC9D0E22683A5B0057972D /* UIView.hpp */,
				EBFC9D1022683A9E0057972D /* UIButton.cpp */,
				EBFC9D1122683A9E0057972D /* UIButton.hpp */,
				EBFC9D1322683AD10057972D /* UILabel.cpp */,
				EBFC9D1422683AD10057972D /* UILabel.hpp */,
				EBFC9D1A22683E740057972D /* UIKit.hpp */,
			);
			path = UIKit;
			sourceTree = "<group>";
		};
/* End PBXGroup section */

/* Begin PBXNativeTarget section */
		EBC3406D2255A84300381151 /* Rolling Hermes */ = {
			isa = PBXNativeTarget;
			buildConfigurationList = EBC340752255A84300381151 /* Build configuration list for PBXNativeTarget "Rolling Hermes" */;
			buildPhases = (
				EBC3406A2255A84300381151 /* Sources */,
				EBC3406B2255A84300381151 /* Frameworks */,
				EBC3406C2255A84300381151 /* CopyFiles */,
			);
			buildRules = (
			);
			dependencies = (
			);
			name = "Rolling Hermes";
			productName = "Rolling Hermes";
			productReference = EBC3406E2255A84300381151 /* Rolling Hermes */;
			productType = "com.apple.product-type.tool";
		};
/* End PBXNativeTarget section */

/* Begin PBXProject section */
		EBC340662255A84300381151 /* Project object */ = {
			isa = PBXProject;
			attributes = {
				LastUpgradeCheck = 1020;
				ORGANIZATIONNAME = "Jack Zhao";
				TargetAttributes = {
					EBC3406D2255A84300381151 = {
						CreatedOnToolsVersion = 10.2;
					};
				};
			};
			buildConfigurationList = EBC340692255A84300381151 /* Build configuration list for PBXProject "Rolling Hermes" */;
			compatibilityVersion = "Xcode 9.3";
			developmentRegion = en;
			hasScannedForEncodings = 0;
			knownRegions = (
				en,
			);
			mainGroup = EBC340652255A84300381151;
			productRefGroup = EBC3406F2255A84300381151 /* Products */;
			projectDirPath = "";
			projectRoot = "";
			targets = (
				EBC3406D2255A84300381151 /* Rolling Hermes */,
			);
		};
/* End PBXProject section */

/* Begin PBXSourcesBuildPhase section */
		EBC3406A2255A84300381151 /* Sources */ = {
			isa = PBXSourcesBuildPhase;
			buildActionMask = 2147483647;
			files = (
				EBFC9D0A226839D00057972D /* CGRect.cpp in Sources */,
				EBFC9D0F22683A5B0057972D /* UIView.cpp in Sources */,
				EBFC9D1722683AFE0057972D /* constants.cpp in Sources */,
				EBDF9951226470BE00507376 /* disk.cpp in Sources */,
				EBFC9D1E22684B7C0057972D /* Peg.cpp in Sources */,
				EBC340722255A84300381151 /* main.cpp in Sources */,
				EBFC9D1522683AD10057972D /* UILabel.cpp in Sources */,
				EBD2514C2267EFB500ABAB7D /* Playground.cpp in Sources */,
				822D1FE4226B13E80067F5DB /* stackBoard.cpp in Sources */,
				EB164A1D2265001700DF00F6 /* board.cpp in Sources */,
				EBFC9D1222683A9E0057972D /* UIButton.cpp in Sources */,
			);
			runOnlyForDeploymentPostprocessing = 0;
		};
/* End PBXSourcesBuildPhase section */

/* Begin XCBuildConfiguration section */
		EBC340732255A84300381151 /* Debug */ = {
			isa = XCBuildConfiguration;
			buildSettings = {
				ALWAYS_SEARCH_USER_PATHS = NO;
				CLANG_ANALYZER_NONNULL = YES;
				CLANG_ANALYZER_NUMBER_OBJECT_CONVERSION = YES_AGGRESSIVE;
				CLANG_CXX_LANGUAGE_STANDARD = "gnu++14";
				CLANG_CXX_LIBRARY = "libc++";
				CLANG_ENABLE_MODULES = YES;
				CLANG_ENABLE_OBJC_ARC = YES;
				CLANG_ENABLE_OBJC_WEAK = YES;
				CLANG_WARN_BLOCK_CAPTURE_AUTORELEASING = YES;
				CLANG_WARN_BOOL_CONVERSION = YES;
				CLANG_WARN_COMMA = YES;
				CLANG_WARN_CONSTANT_CONVERSION = YES;
				CLANG_WARN_DEPRECATED_OBJC_IMPLEMENTATIONS = YES;
				CLANG_WARN_DIRECT_OBJC_ISA_USAGE = YES_ERROR;
				CLANG_WARN_DOCUMENTATION_COMMENTS = YES;
				CLANG_WARN_EMPTY_BODY = YES;
				CLANG_WARN_ENUM_CONVERSION = YES;
				CLANG_WARN_INFINITE_RECURSION = YES;
				CLANG_WARN_INT_CONVERSION = YES;
				CLANG_WARN_NON_LITERAL_NULL_CONVERSION = YES;
				CLANG_WARN_OBJC_IMPLICIT_RETAIN_SELF = YES;
				CLANG_WARN_OBJC_LITERAL_CONVERSION = YES;
				CLANG_WARN_OBJC_ROOT_CLASS = YES_ERROR;
				CLANG_WARN_RANGE_LOOP_ANALYSIS = YES;
				CLANG_WARN_STRICT_PROTOTYPES = YES;
				CLANG_WARN_SUSPICIOUS_MOVE = YES;
				CLANG_WARN_UNGUARDED_AVAILABILITY = YES_AGGRESSIVE;
				CLANG_WARN_UNREACHABLE_CODE = YES;
				CLANG_WARN__DUPLICATE_METHOD_MATCH = YES;
				CODE_SIGN_IDENTITY = "Mac Developer";
				COPY_PHASE_STRIP = NO;
				DEBUG_INFORMATION_FORMAT = dwarf;
				ENABLE_STRICT_OBJC_MSGSEND = YES;
				ENABLE_TESTABILITY = YES;
				GCC_C_LANGUAGE_STANDARD = gnu11;
				GCC_DYNAMIC_NO_PIC = NO;
				GCC_NO_COMMON_BLOCKS = YES;
				GCC_OPTIMIZATION_LEVEL = 0;
				GCC_PREPROCESSOR_DEFINITIONS = (
					"DEBUG=1",
					"$(inherited)",
				);
				GCC_WARN_64_TO_32_BIT_CONVERSION = YES;
				GCC_WARN_ABOUT_RETURN_TYPE = YES_ERROR;
				GCC_WARN_UNDECLARED_SELECTOR = YES;
				GCC_WARN_UNINITIALIZED_AUTOS = YES_AGGRESSIVE;
				GCC_WARN_UNUSED_FUNCTION = YES;
				GCC_WARN_UNUSED_VARIABLE = YES;
				MACOSX_DEPLOYMENT_TARGET = 10.14;
				MTL_ENABLE_DEBUG_INFO = INCLUDE_SOURCE;
				MTL_FAST_MATH = YES;
				ONLY_ACTIVE_ARCH = YES;
				SDKROOT = macosx;
			};
			name = Debug;
		};
		EBC340742255A84300381151 /* Release */ = {
			isa = XCBuildConfiguration;
			buildSettings = {
				ALWAYS_SEARCH_USER_PATHS = NO;
				CLANG_ANALYZER_NONNULL = YES;
				CLANG_ANALYZER_NUMBER_OBJECT_CONVERSION = YES_AGGRESSIVE;
				CLANG_CXX_LANGUAGE_STANDARD = "gnu++14";
				CLANG_CXX_LIBRARY = "libc++";
				CLANG_ENABLE_MODULES = YES;
				CLANG_ENABLE_OBJC_ARC = YES;
				CLANG_ENABLE_OBJC_WEAK = YES;
				CLANG_WARN_BLOCK_CAPTURE_AUTORELEASING = YES;
				CLANG_WARN_BOOL_CONVERSION = YES;
				CLANG_WARN_COMMA = YES;
				CLANG_WARN_CONSTANT_CONVERSION = YES;
				CLANG_WARN_DEPRECATED_OBJC_IMPLEMENTATIONS = YES;
				CLANG_WARN_DIRECT_OBJC_ISA_USAGE = YES_ERROR;
				CLANG_WARN_DOCUMENTATION_COMMENTS = YES;
				CLANG_WARN_EMPTY_BODY = YES;
				CLANG_WARN_ENUM_CONVERSION = YES;
				CLANG_WARN_INFINITE_RECURSION = YES;
				CLANG_WARN_INT_CONVERSION = YES;
				CLANG_WARN_NON_LITERAL_NULL_CONVERSION = YES;
				CLANG_WARN_OBJC_IMPLICIT_RETAIN_SELF = YES;
				CLANG_WARN_OBJC_LITERAL_CONVERSION = YES;
				CLANG_WARN_OBJC_ROOT_CLASS = YES_ERROR;
				CLANG_WARN_RANGE_LOOP_ANALYSIS = YES;
				CLANG_WARN_STRICT_PROTOTYPES = YES;
				CLANG_WARN_SUSPICIOUS_MOVE = YES;
				CLANG_WARN_UNGUARDED_AVAILABILITY = YES_AGGRESSIVE;
				CLANG_WARN_UNREACHABLE_CODE = YES;
				CLANG_WARN__DUPLICATE_METHOD_MATCH = YES;
				CODE_SIGN_IDENTITY = "Mac Developer";
				COPY_PHASE_STRIP = NO;
				DEBUG_INFORMATION_FORMAT = "dwarf-with-dsym";
				ENABLE_NS_ASSERTIONS = NO;
				ENABLE_STRICT_OBJC_MSGSEND = YES;
				GCC_C_LANGUAGE_STANDARD = gnu11;
				GCC_NO_COMMON_BLOCKS = YES;
				GCC_WARN_64_TO_32_BIT_CONVERSION = YES;
				GCC_WARN_ABOUT_RETURN_TYPE = YES_ERROR;
				GCC_WARN_UNDECLARED_SELECTOR = YES;
				GCC_WARN_UNINITIALIZED_AUTOS = YES_AGGRESSIVE;
				GCC_WARN_UNUSED_FUNCTION = YES;
				GCC_WARN_UNUSED_VARIABLE = YES;
				MACOSX_DEPLOYMENT_TARGET = 10.14;
				MTL_ENABLE_DEBUG_INFO = NO;
				MTL_FAST_MATH = YES;
				SDKROOT = macosx;
			};
			name = Release;
		};
		EBC340762255A84300381151 /* Debug */ = {
			isa = XCBuildConfiguration;
			buildSettings = {
				CODE_SIGN_STYLE = Automatic;
				DEVELOPMENT_TEAM = 37CWHKAPJQ;
				FRAMEWORK_SEARCH_PATHS = (
					"$(inherited)",
					"$(LOCAL_LIBRARY_DIR)/Frameworks",
				);
				PRODUCT_NAME = "$(TARGET_NAME)";
			};
			name = Debug;
		};
		EBC340772255A84300381151 /* Release */ = {
			isa = XCBuildConfiguration;
			buildSettings = {
				CODE_SIGN_STYLE = Automatic;
				DEVELOPMENT_TEAM = 37CWHKAPJQ;
				FRAMEWORK_SEARCH_PATHS = (
					"$(inherited)",
					"$(LOCAL_LIBRARY_DIR)/Frameworks",
				);
				PRODUCT_NAME = "$(TARGET_NAME)";
			};
			name = Release;
		};
/* End XCBuildConfiguration section */

/* Begin XCConfigurationList section */
		EBC340692255A84300381151 /* Build configuration list for PBXProject "Rolling Hermes" */ = {
			isa = XCConfigurationList;
			buildConfigurations = (
				EBC340732255A84300381151 /* Debug */,
				EBC340742255A84300381151 /* Release */,
			);
			defaultConfigurationIsVisible = 0;
			defaultConfigurationName = Release;
		};
		EBC340752255A84300381151 /* Build configuration list for PBXNativeTarget "Rolling Hermes" */ = {
			isa = XCConfigurationList;
			buildConfigurations = (
				EBC340762255A84300381151 /* Debug */,
				EBC340772255A84300381151 /* Release */,
			);
			defaultConfigurationIsVisible = 0;
			defaultConfigurationName = Release;
		};
/* End XCConfigurationList section */
	};
	rootObject = EBC340662255A84300381151 /* Project object */;
}
